
Microsoft Visual Studio Solution File, Format Version 12.00
# Visual Studio Version 17
VisualStudioVersion = 17.4.33205.214
MinimumVisualStudioVersion = 10.0.40219.1
Project("{FAE04EC0-301F-11D3-BF4B-00C04F79EFBC}") = "Task1-2-1", "Task1-2-1\Task1-2-1.csproj", "{32A70BF8-7289-426C-AF16-772D67499DEB}"
EndProject
Global
	GlobalSection(SolutionConfigurationPlatforms) = preSolution
		Debug|Any CPU = Debug|Any CPU
		Release|Any CPU = Release|Any CPU
	EndGlobalSection
	GlobalSection(ProjectConfigurationPlatforms) = postSolution
		{32A70BF8-7289-426C-AF16-772D67499DEB}.Debug|Any CPU.ActiveCfg = Debug|Any CPU
		{32A70BF8-7289-426C-AF16-772D67499DEB}.Debug|Any CPU.Build.0 = Debug|Any CPU
		{32A70BF8-7289-426C-AF16-772D67499DEB}.Release|Any CPU.ActiveCfg = Release|Any CPU
		{32A70BF8-7289-426C-AF16-772D67499DEB}.Release|Any CPU.Build.0 = Release|Any CPU
	EndGlobalSection
	GlobalSection(SolutionProperties) = preSolution
		HideSolutionNode = FALSE
	EndGlobalSection
	GlobalSection(ExtensibilityGlobals) = postSolution
		SolutionGuid = {674C078C-3835-4DCC-8EA5-1E0ADDA8F342}
	EndGlobalSection
EndGlobal
